// !$*UTF8*$!
{
	archiveVersion = 1;
	classes = {
	};
	objectVersion = 46;
	objects = {

/* Begin PBXBuildFile section */
		0C871CEA175F31040015E743 /* AsProfileViewController.m in Sources */ = {isa = PBXBuildFile; fileRef = 0C871CE9175F31030015E743 /* AsProfileViewController.m */; };
		0C871CED175F32760015E743 /* AsBaseViewController.m in Sources */ = {isa = PBXBuildFile; fileRef = 0C871CEC175F32760015E743 /* AsBaseViewController.m */; };
		0C871CF2175F5EB30015E743 /* dance.png in Resources */ = {isa = PBXBuildFile; fileRef = 0C871CF0175F5EB30015E743 /* dance.png */; };
		0C871CF3175F5EB30015E743 /* street-dancer2.jpg in Resources */ = {isa = PBXBuildFile; fileRef = 0C871CF1175F5EB30015E743 /* street-dancer2.jpg */; };
		0C871CF6175F67870015E743 /* AsStartGameViewController.m in Sources */ = {isa = PBXBuildFile; fileRef = 0C871CF5175F67870015E743 /* AsStartGameViewController.m */; };
		0C9009CE1762E059004952E6 /* AsCaptureViewController.m in Sources */ = {isa = PBXBuildFile; fileRef = 0C9009CD1762E059004952E6 /* AsCaptureViewController.m */; };
		0C9009D31763057C004952E6 /* AsWord.m in Sources */ = {isa = PBXBuildFile; fileRef = 0C9009D21763057C004952E6 /* AsWord.m */; };
		0C9009DB17632173004952E6 /* DDProgressView.m in Sources */ = {isa = PBXBuildFile; fileRef = 0C9009DA17632173004952E6 /* DDProgressView.m */; settings = {COMPILER_FLAGS = "-fno-objc-arc"; }; };
		0CCA73FD175CD0F90059F128 /* InfoPlist.strings in Resources */ = {isa = PBXBuildFile; fileRef = 0CCA73FB175CD0F90059F128 /* InfoPlist.strings */; };
		0CCA73FF175CD0F90059F128 /* main.m in Sources */ = {isa = PBXBuildFile; fileRef = 0CCA73FE175CD0F90059F128 /* main.m */; };
		0CCA7403175CD0F90059F128 /* AsAppDelegate.m in Sources */ = {isa = PBXBuildFile; fileRef = 0CCA7402175CD0F90059F128 /* AsAppDelegate.m */; };
		0CCA7405175CD0F90059F128 /* Default.png in Resources */ = {isa = PBXBuildFile; fileRef = 0CCA7404175CD0F90059F128 /* Default.png */; };
		0CCA7407175CD0F90059F128 /* Default@2x.png in Resources */ = {isa = PBXBuildFile; fileRef = 0CCA7406175CD0F90059F128 /* Default@2x.png */; };
		0CCA7409175CD0F90059F128 /* Default-568h@2x.png in Resources */ = {isa = PBXBuildFile; fileRef = 0CCA7408175CD0F90059F128 /* Default-568h@2x.png */; };
		0CCA740C175CD0F90059F128 /* MainStoryboard.storyboard in Resources */ = {isa = PBXBuildFile; fileRef = 0CCA740A175CD0F90059F128 /* MainStoryboard.storyboard */; };
		0CCA7417175CD1930059F128 /* AsHomeViewController.m in Sources */ = {isa = PBXBuildFile; fileRef = 0CCA7416175CD1930059F128 /* AsHomeViewController.m */; };
		0CCA742A175CD3D70059F128 /* CoreLocation.framework in Frameworks */ = {isa = PBXBuildFile; fileRef = 0CCA741C175CD3A20059F128 /* CoreLocation.framework */; };
		0CCA742B175CD3D70059F128 /* libz.1.1.3.dylib in Frameworks */ = {isa = PBXBuildFile; fileRef = 0CCA741E175CD3A80059F128 /* libz.1.1.3.dylib */; };
		0CCA742C175CD3D70059F128 /* SystemConfiguration.framework in Frameworks */ = {isa = PBXBuildFile; fileRef = 0CCA7428175CD3C00059F128 /* SystemConfiguration.framework */; };
		0CCA742D175CD3D70059F128 /* StoreKit.framework in Frameworks */ = {isa = PBXBuildFile; fileRef = 0CCA7426175CD3BC0059F128 /* StoreKit.framework */; };
		0CCA742E175CD3D70059F128 /* Security.framework in Frameworks */ = {isa = PBXBuildFile; fileRef = 0CCA7424175CD3B70059F128 /* Security.framework */; };
		0CCA742F175CD3D70059F128 /* QuartzCore.framework in Frameworks */ = {isa = PBXBuildFile; fileRef = 0CCA7422175CD3B20059F128 /* QuartzCore.framework */; };
		0CCA7430175CD3D70059F128 /* MobileCoreServices.framework in Frameworks */ = {isa = PBXBuildFile; fileRef = 0CCA7420175CD3AD0059F128 /* MobileCoreServices.framework */; };
		0CCA7431175CD3D70059F128 /* CFNetwork.framework in Frameworks */ = {isa = PBXBuildFile; fileRef = 0CCA741A175CD38F0059F128 /* CFNetwork.framework */; };
		0CCA7432175CD3D70059F128 /* AudioToolbox.framework in Frameworks */ = {isa = PBXBuildFile; fileRef = 0CCA7418175CD3860059F128 /* AudioToolbox.framework */; };
		0CCA7433175CD3D70059F128 /* UIKit.framework in Frameworks */ = {isa = PBXBuildFile; fileRef = 0CCA73F2175CD0F90059F128 /* UIKit.framework */; };
		0CCA7434175CD3D70059F128 /* Foundation.framework in Frameworks */ = {isa = PBXBuildFile; fileRef = 0CCA73F4175CD0F90059F128 /* Foundation.framework */; };
		0CCA7435175CD3D70059F128 /* CoreGraphics.framework in Frameworks */ = {isa = PBXBuildFile; fileRef = 0CCA73F6175CD0F90059F128 /* CoreGraphics.framework */; };
		0CFAE1FC176429E600E17AA1 /* AVOSCloud.framework in Frameworks */ = {isa = PBXBuildFile; fileRef = 0CFAE1FB176429E600E17AA1 /* AVOSCloud.framework */; };
		0CFAE20017645C1100E17AA1 /* MediaPlayer.framework in Frameworks */ = {isa = PBXBuildFile; fileRef = 0CFAE1FF17645C1100E17AA1 /* MediaPlayer.framework */; };
/* End PBXBuildFile section */

/* Begin PBXFileReference section */
		0C871CE8175F31030015E743 /* AsProfileViewController.h */ = {isa = PBXFileReference; fileEncoding = 4; lastKnownFileType = sourcecode.c.h; path = AsProfileViewController.h; sourceTree = "<group>"; };
		0C871CE9175F31030015E743 /* AsProfileViewController.m */ = {isa = PBXFileReference; fileEncoding = 4; lastKnownFileType = sourcecode.c.objc; path = AsProfileViewController.m; sourceTree = "<group>"; };
		0C871CEB175F32760015E743 /* AsBaseViewController.h */ = {isa = PBXFileReference; fileEncoding = 4; lastKnownFileType = sourcecode.c.h; path = AsBaseViewController.h; sourceTree = "<group>"; };
		0C871CEC175F32760015E743 /* AsBaseViewController.m */ = {isa = PBXFileReference; fileEncoding = 4; lastKnownFileType = sourcecode.c.objc; path = AsBaseViewController.m; sourceTree = "<group>"; };
		0C871CF0175F5EB30015E743 /* dance.png */ = {isa = PBXFileReference; lastKnownFileType = image.png; path = dance.png; sourceTree = "<group>"; };
		0C871CF1175F5EB30015E743 /* street-dancer2.jpg */ = {isa = PBXFileReference; lastKnownFileType = image.jpeg; path = "street-dancer2.jpg"; sourceTree = "<group>"; };
		0C871CF4175F67870015E743 /* AsStartGameViewController.h */ = {isa = PBXFileReference; fileEncoding = 4; lastKnownFileType = sourcecode.c.h; path = AsStartGameViewController.h; sourceTree = "<group>"; };
		0C871CF5175F67870015E743 /* AsStartGameViewController.m */ = {isa = PBXFileReference; fileEncoding = 4; lastKnownFileType = sourcecode.c.objc; path = AsStartGameViewController.m; sourceTree = "<group>"; };
		0C9009CC1762E059004952E6 /* AsCaptureViewController.h */ = {isa = PBXFileReference; fileEncoding = 4; lastKnownFileType = sourcecode.c.h; path = AsCaptureViewController.h; sourceTree = "<group>"; };
		0C9009CD1762E059004952E6 /* AsCaptureViewController.m */ = {isa = PBXFileReference; fileEncoding = 4; lastKnownFileType = sourcecode.c.objc; path = AsCaptureViewController.m; sourceTree = "<group>"; };
		0C9009D11763057B004952E6 /* AsWord.h */ = {isa = PBXFileReference; fileEncoding = 4; lastKnownFileType = sourcecode.c.h; path = AsWord.h; sourceTree = "<group>"; };
		0C9009D21763057C004952E6 /* AsWord.m */ = {isa = PBXFileReference; fileEncoding = 4; lastKnownFileType = sourcecode.c.objc; path = AsWord.m; sourceTree = "<group>"; };
		0C9009D917632173004952E6 /* DDProgressView.h */ = {isa = PBXFileReference; fileEncoding = 4; lastKnownFileType = sourcecode.c.h; path = DDProgressView.h; sourceTree = "<group>"; };
		0C9009DA17632173004952E6 /* DDProgressView.m */ = {isa = PBXFileReference; fileEncoding = 4; lastKnownFileType = sourcecode.c.objc; path = DDProgressView.m; sourceTree = "<group>"; };
		0CCA73EF175CD0F90059F128 /* ActionSomething.app */ = {isa = PBXFileReference; explicitFileType = wrapper.application; includeInIndex = 0; path = ActionSomething.app; sourceTree = BUILT_PRODUCTS_DIR; };
		0CCA73F2175CD0F90059F128 /* UIKit.framework */ = {isa = PBXFileReference; lastKnownFileType = wrapper.framework; name = UIKit.framework; path = System/Library/Frameworks/UIKit.framework; sourceTree = SDKROOT; };
		0CCA73F4175CD0F90059F128 /* Foundation.framework */ = {isa = PBXFileReference; lastKnownFileType = wrapper.framework; name = Foundation.framework; path = System/Library/Frameworks/Foundation.framework; sourceTree = SDKROOT; };
		0CCA73F6175CD0F90059F128 /* CoreGraphics.framework */ = {isa = PBXFileReference; lastKnownFileType = wrapper.framework; name = CoreGraphics.framework; path = System/Library/Frameworks/CoreGraphics.framework; sourceTree = SDKROOT; };
		0CCA73FA175CD0F90059F128 /* ActionSomething-Info.plist */ = {isa = PBXFileReference; lastKnownFileType = text.plist.xml; path = "ActionSomething-Info.plist"; sourceTree = "<group>"; };
		0CCA73FC175CD0F90059F128 /* en */ = {isa = PBXFileReference; lastKnownFileType = text.plist.strings; name = en; path = en.lproj/InfoPlist.strings; sourceTree = "<group>"; };
		0CCA73FE175CD0F90059F128 /* main.m */ = {isa = PBXFileReference; lastKnownFileType = sourcecode.c.objc; path = main.m; sourceTree = "<group>"; };
		0CCA7400175CD0F90059F128 /* ActionSomething-Prefix.pch */ = {isa = PBXFileReference; lastKnownFileType = sourcecode.c.h; path = "ActionSomething-Prefix.pch"; sourceTree = "<group>"; };
		0CCA7401175CD0F90059F128 /* AsAppDelegate.h */ = {isa = PBXFileReference; lastKnownFileType = sourcecode.c.h; path = AsAppDelegate.h; sourceTree = "<group>"; };
		0CCA7402175CD0F90059F128 /* AsAppDelegate.m */ = {isa = PBXFileReference; lastKnownFileType = sourcecode.c.objc; path = AsAppDelegate.m; sourceTree = "<group>"; };
		0CCA7404175CD0F90059F128 /* Default.png */ = {isa = PBXFileReference; lastKnownFileType = image.png; path = Default.png; sourceTree = "<group>"; };
		0CCA7406175CD0F90059F128 /* Default@2x.png */ = {isa = PBXFileReference; lastKnownFileType = image.png; path = "Default@2x.png"; sourceTree = "<group>"; };
		0CCA7408175CD0F90059F128 /* Default-568h@2x.png */ = {isa = PBXFileReference; lastKnownFileType = image.png; path = "Default-568h@2x.png"; sourceTree = "<group>"; };
		0CCA740B175CD0F90059F128 /* en */ = {isa = PBXFileReference; lastKnownFileType = file.storyboard; name = en; path = en.lproj/MainStoryboard.storyboard; sourceTree = "<group>"; };
		0CCA7415175CD1930059F128 /* AsHomeViewController.h */ = {isa = PBXFileReference; fileEncoding = 4; lastKnownFileType = sourcecode.c.h; path = AsHomeViewController.h; sourceTree = "<group>"; };
		0CCA7416175CD1930059F128 /* AsHomeViewController.m */ = {isa = PBXFileReference; fileEncoding = 4; lastKnownFileType = sourcecode.c.objc; path = AsHomeViewController.m; sourceTree = "<group>"; };
		0CCA7418175CD3860059F128 /* AudioToolbox.framework */ = {isa = PBXFileReference; lastKnownFileType = wrapper.framework; name = AudioToolbox.framework; path = System/Library/Frameworks/AudioToolbox.framework; sourceTree = SDKROOT; };
		0CCA741A175CD38F0059F128 /* CFNetwork.framework */ = {isa = PBXFileReference; lastKnownFileType = wrapper.framework; name = CFNetwork.framework; path = System/Library/Frameworks/CFNetwork.framework; sourceTree = SDKROOT; };
		0CCA741C175CD3A20059F128 /* CoreLocation.framework */ = {isa = PBXFileReference; lastKnownFileType = wrapper.framework; name = CoreLocation.framework; path = System/Library/Frameworks/CoreLocation.framework; sourceTree = SDKROOT; };
		0CCA741E175CD3A80059F128 /* libz.1.1.3.dylib */ = {isa = PBXFileReference; lastKnownFileType = "compiled.mach-o.dylib"; name = libz.1.1.3.dylib; path = usr/lib/libz.1.1.3.dylib; sourceTree = SDKROOT; };
		0CCA7420175CD3AD0059F128 /* MobileCoreServices.framework */ = {isa = PBXFileReference; lastKnownFileType = wrapper.framework; name = MobileCoreServices.framework; path = System/Library/Frameworks/MobileCoreServices.framework; sourceTree = SDKROOT; };
		0CCA7422175CD3B20059F128 /* QuartzCore.framework */ = {isa = PBXFileReference; lastKnownFileType = wrapper.framework; name = QuartzCore.framework; path = System/Library/Frameworks/QuartzCore.framework; sourceTree = SDKROOT; };
		0CCA7424175CD3B70059F128 /* Security.framework */ = {isa = PBXFileReference; lastKnownFileType = wrapper.framework; name = Security.framework; path = System/Library/Frameworks/Security.framework; sourceTree = SDKROOT; };
		0CCA7426175CD3BC0059F128 /* StoreKit.framework */ = {isa = PBXFileReference; lastKnownFileType = wrapper.framework; name = StoreKit.framework; path = System/Library/Frameworks/StoreKit.framework; sourceTree = SDKROOT; };
		0CCA7428175CD3C00059F128 /* SystemConfiguration.framework */ = {isa = PBXFileReference; lastKnownFileType = wrapper.framework; name = SystemConfiguration.framework; path = System/Library/Frameworks/SystemConfiguration.framework; sourceTree = SDKROOT; };
		0CFAE1FB176429E600E17AA1 /* AVOSCloud.framework */ = {isa = PBXFileReference; lastKnownFileType = wrapper.framework; name = AVOSCloud.framework; path = "../../paas.product/iOS/release-v1.0/AVOSCloud.framework"; sourceTree = "<group>"; };
		0CFAE1FF17645C1100E17AA1 /* MediaPlayer.framework */ = {isa = PBXFileReference; lastKnownFileType = wrapper.framework; name = MediaPlayer.framework; path = System/Library/Frameworks/MediaPlayer.framework; sourceTree = SDKROOT; };
/* End PBXFileReference section */

/* Begin PBXFrameworksBuildPhase section */
		0CCA73EC175CD0F90059F128 /* Frameworks */ = {
			isa = PBXFrameworksBuildPhase;
			buildActionMask = 2147483647;
			files = (
				0CFAE20017645C1100E17AA1 /* MediaPlayer.framework in Frameworks */,
				0CCA742A175CD3D70059F128 /* CoreLocation.framework in Frameworks */,
				0CCA742B175CD3D70059F128 /* libz.1.1.3.dylib in Frameworks */,
				0CCA742C175CD3D70059F128 /* SystemConfiguration.framework in Frameworks */,
				0CCA742D175CD3D70059F128 /* StoreKit.framework in Frameworks */,
				0CCA742E175CD3D70059F128 /* Security.framework in Frameworks */,
				0CCA742F175CD3D70059F128 /* QuartzCore.framework in Frameworks */,
				0CCA7430175CD3D70059F128 /* MobileCoreServices.framework in Frameworks */,
				0CCA7431175CD3D70059F128 /* CFNetwork.framework in Frameworks */,
				0CCA7432175CD3D70059F128 /* AudioToolbox.framework in Frameworks */,
				0CCA7433175CD3D70059F128 /* UIKit.framework in Frameworks */,
				0CCA7434175CD3D70059F128 /* Foundation.framework in Frameworks */,
				0CCA7435175CD3D70059F128 /* CoreGraphics.framework in Frameworks */,
				0CFAE1FC176429E600E17AA1 /* AVOSCloud.framework in Frameworks */,
			);
			runOnlyForDeploymentPostprocessing = 0;
		};
/* End PBXFrameworksBuildPhase section */

/* Begin PBXGroup section */
		0C871CEF175F5EB30015E743 /* resources */ = {
			isa = PBXGroup;
			children = (
				0C871CF0175F5EB30015E743 /* dance.png */,
				0C871CF1175F5EB30015E743 /* street-dancer2.jpg */,
			);
			path = resources;
			sourceTree = "<group>";
		};
		0C9009D717632172004952E6 /* thirdparties */ = {
			isa = PBXGroup;
			children = (
				0C9009D817632173004952E6 /* DDProgressView */,
			);
			path = thirdparties;
			sourceTree = "<group>";
		};
		0C9009D817632173004952E6 /* DDProgressView */ = {
			isa = PBXGroup;
			children = (
				0C9009D917632173004952E6 /* DDProgressView.h */,
				0C9009DA17632173004952E6 /* DDProgressView.m */,
			);
			path = DDProgressView;
			sourceTree = "<group>";
		};
		0CCA73E6175CD0F90059F128 = {
			isa = PBXGroup;
			children = (
				0CFAE1FF17645C1100E17AA1 /* MediaPlayer.framework */,
				0C9009D717632172004952E6 /* thirdparties */,
				0CCA73F8175CD0F90059F128 /* ActionSomething */,
				0CCA73F1175CD0F90059F128 /* Frameworks */,
				0CCA73F0175CD0F90059F128 /* Products */,
			);
			sourceTree = "<group>";
		};
		0CCA73F0175CD0F90059F128 /* Products */ = {
			isa = PBXGroup;
			children = (
				0CCA73EF175CD0F90059F128 /* ActionSomething.app */,
			);
			name = Products;
			sourceTree = "<group>";
		};
		0CCA73F1175CD0F90059F128 /* Frameworks */ = {
			isa = PBXGroup;
			children = (
				0CFAE1FB176429E600E17AA1 /* AVOSCloud.framework */,
				0CCA741C175CD3A20059F128 /* CoreLocation.framework */,
				0CCA741E175CD3A80059F128 /* libz.1.1.3.dylib */,
				0CCA7428175CD3C00059F128 /* SystemConfiguration.framework */,
				0CCA7426175CD3BC0059F128 /* StoreKit.framework */,
				0CCA7424175CD3B70059F128 /* Security.framework */,
				0CCA7422175CD3B20059F128 /* QuartzCore.framework */,
				0CCA7420175CD3AD0059F128 /* MobileCoreServices.framework */,
				0CCA741A175CD38F0059F128 /* CFNetwork.framework */,
				0CCA7418175CD3860059F128 /* AudioToolbox.framework */,
				0CCA73F2175CD0F90059F128 /* UIKit.framework */,
				0CCA73F4175CD0F90059F128 /* Foundation.framework */,
				0CCA73F6175CD0F90059F128 /* CoreGraphics.framework */,
			);
			name = Frameworks;
			sourceTree = "<group>";
		};
		0CCA73F8175CD0F90059F128 /* ActionSomething */ = {
			isa = PBXGroup;
			children = (
				0C871CEB175F32760015E743 /* AsBaseViewController.h */,
				0C871CEC175F32760015E743 /* AsBaseViewController.m */,
				0C871CE8175F31030015E743 /* AsProfileViewController.h */,
				0C871CE9175F31030015E743 /* AsProfileViewController.m */,
				0CCA7401175CD0F90059F128 /* AsAppDelegate.h */,
				0CCA7402175CD0F90059F128 /* AsAppDelegate.m */,
				0CCA740A175CD0F90059F128 /* MainStoryboard.storyboard */,
				0C871CF4175F67870015E743 /* AsStartGameViewController.h */,
				0C871CF5175F67870015E743 /* AsStartGameViewController.m */,
				0CCA7415175CD1930059F128 /* AsHomeViewController.h */,
				0CCA7416175CD1930059F128 /* AsHomeViewController.m */,
				0C9009CC1762E059004952E6 /* AsCaptureViewController.h */,
				0C9009CD1762E059004952E6 /* AsCaptureViewController.m */,
				0C871CEF175F5EB30015E743 /* resources */,
				0CCA73F9175CD0F90059F128 /* Supporting Files */,
				0C9009D11763057B004952E6 /* AsWord.h */,
				0C9009D21763057C004952E6 /* AsWord.m */,
			);
			path = ActionSomething;
			sourceTree = "<group>";
		};
		0CCA73F9175CD0F90059F128 /* Supporting Files */ = {
			isa = PBXGroup;
			children = (
				0CCA73FA175CD0F90059F128 /* ActionSomething-Info.plist */,
				0CCA73FB175CD0F90059F128 /* InfoPlist.strings */,
				0CCA73FE175CD0F90059F128 /* main.m */,
				0CCA7400175CD0F90059F128 /* ActionSomething-Prefix.pch */,
				0CCA7404175CD0F90059F128 /* Default.png */,
				0CCA7406175CD0F90059F128 /* Default@2x.png */,
				0CCA7408175CD0F90059F128 /* Default-568h@2x.png */,
			);
			name = "Supporting Files";
			sourceTree = "<group>";
		};
/* End PBXGroup section */

/* Begin PBXNativeTarget section */
		0CCA73EE175CD0F90059F128 /* ActionSomething */ = {
			isa = PBXNativeTarget;
			buildConfigurationList = 0CCA7412175CD0F90059F128 /* Build configuration list for PBXNativeTarget "ActionSomething" */;
			buildPhases = (
				0CCA73EB175CD0F90059F128 /* Sources */,
				0CCA73EC175CD0F90059F128 /* Frameworks */,
				0CCA73ED175CD0F90059F128 /* Resources */,
			);
			buildRules = (
			);
			dependencies = (
			);
			name = ActionSomething;
			productName = ActionSomething;
			productReference = 0CCA73EF175CD0F90059F128 /* ActionSomething.app */;
			productType = "com.apple.product-type.application";
		};
/* End PBXNativeTarget section */

/* Begin PBXProject section */
		0CCA73E7175CD0F90059F128 /* Project object */ = {
			isa = PBXProject;
			attributes = {
				CLASSPREFIX = As;
				LastUpgradeCheck = 0460;
				ORGANIZATIONNAME = AVOS;
			};
			buildConfigurationList = 0CCA73EA175CD0F90059F128 /* Build configuration list for PBXProject "ActionSomething" */;
			compatibilityVersion = "Xcode 3.2";
			developmentRegion = English;
			hasScannedForEncodings = 0;
			knownRegions = (
				en,
			);
			mainGroup = 0CCA73E6175CD0F90059F128;
			productRefGroup = 0CCA73F0175CD0F90059F128 /* Products */;
			projectDirPath = "";
			projectRoot = "";
			targets = (
				0CCA73EE175CD0F90059F128 /* ActionSomething */,
			);
		};
/* End PBXProject section */

/* Begin PBXResourcesBuildPhase section */
		0CCA73ED175CD0F90059F128 /* Resources */ = {
			isa = PBXResourcesBuildPhase;
			buildActionMask = 2147483647;
			files = (
				0CCA73FD175CD0F90059F128 /* InfoPlist.strings in Resources */,
				0CCA7405175CD0F90059F128 /* Default.png in Resources */,
				0CCA7407175CD0F90059F128 /* Default@2x.png in Resources */,
				0CCA7409175CD0F90059F128 /* Default-568h@2x.png in Resources */,
				0CCA740C175CD0F90059F128 /* MainStoryboard.storyboard in Resources */,
				0C871CF2175F5EB30015E743 /* dance.png in Resources */,
				0C871CF3175F5EB30015E743 /* street-dancer2.jpg in Resources */,
			);
			runOnlyForDeploymentPostprocessing = 0;
		};
/* End PBXResourcesBuildPhase section */

/* Begin PBXSourcesBuildPhase section */
		0CCA73EB175CD0F90059F128 /* Sources */ = {
			isa = PBXSourcesBuildPhase;
			buildActionMask = 2147483647;
			files = (
				0CCA73FF175CD0F90059F128 /* main.m in Sources */,
				0CCA7403175CD0F90059F128 /* AsAppDelegate.m in Sources */,
				0CCA7417175CD1930059F128 /* AsHomeViewController.m in Sources */,
				0C871CEA175F31040015E743 /* AsProfileViewController.m in Sources */,
				0C871CED175F32760015E743 /* AsBaseViewController.m in Sources */,
				0C871CF6175F67870015E743 /* AsStartGameViewController.m in Sources */,
				0C9009CE1762E059004952E6 /* AsCaptureViewController.m in Sources */,
				0C9009D31763057C004952E6 /* AsWord.m in Sources */,
				0C9009DB17632173004952E6 /* DDProgressView.m in Sources */,
			);
			runOnlyForDeploymentPostprocessing = 0;
		};
/* End PBXSourcesBuildPhase section */

/* Begin PBXVariantGroup section */
		0CCA73FB175CD0F90059F128 /* InfoPlist.strings */ = {
			isa = PBXVariantGroup;
			children = (
				0CCA73FC175CD0F90059F128 /* en */,
			);
			name = InfoPlist.strings;
			sourceTree = "<group>";
		};
		0CCA740A175CD0F90059F128 /* MainStoryboard.storyboard */ = {
			isa = PBXVariantGroup;
			children = (
				0CCA740B175CD0F90059F128 /* en */,
			);
			name = MainStoryboard.storyboard;
			sourceTree = "<group>";
		};
/* End PBXVariantGroup section */

/* Begin XCBuildConfiguration section */
		0CCA7410175CD0F90059F128 /* Debug */ = {
			isa = XCBuildConfiguration;
			buildSettings = {
				ALWAYS_SEARCH_USER_PATHS = NO;
				CLANG_CXX_LANGUAGE_STANDARD = "gnu++0x";
				CLANG_CXX_LIBRARY = "libc++";
				CLANG_ENABLE_OBJC_ARC = YES;
				CLANG_WARN_CONSTANT_CONVERSION = YES;
				CLANG_WARN_EMPTY_BODY = YES;
				CLANG_WARN_ENUM_CONVERSION = YES;
				CLANG_WARN_INT_CONVERSION = YES;
				CLANG_WARN__DUPLICATE_METHOD_MATCH = YES;
				"CODE_SIGN_IDENTITY[sdk=iphoneos*]" = "iPhone Developer";
				COPY_PHASE_STRIP = NO;
				GCC_C_LANGUAGE_STANDARD = gnu99;
				GCC_DYNAMIC_NO_PIC = NO;
				GCC_OPTIMIZATION_LEVEL = 0;
				GCC_PREPROCESSOR_DEFINITIONS = (
					"DEBUG=1",
					"$(inherited)",
				);
				GCC_SYMBOLS_PRIVATE_EXTERN = NO;
				GCC_WARN_ABOUT_RETURN_TYPE = YES;
				GCC_WARN_UNINITIALIZED_AUTOS = YES;
				GCC_WARN_UNUSED_VARIABLE = YES;
				IPHONEOS_DEPLOYMENT_TARGET = 6.1;
				ONLY_ACTIVE_ARCH = YES;
				SDKROOT = iphoneos;
			};
			name = Debug;
		};
		0CCA7411175CD0F90059F128 /* Release */ = {
			isa = XCBuildConfiguration;
			buildSettings = {
				ALWAYS_SEARCH_USER_PATHS = NO;
				CLANG_CXX_LANGUAGE_STANDARD = "gnu++0x";
				CLANG_CXX_LIBRARY = "libc++";
				CLANG_ENABLE_OBJC_ARC = YES;
				CLANG_WARN_CONSTANT_CONVERSION = YES;
				CLANG_WARN_EMPTY_BODY = YES;
				CLANG_WARN_ENUM_CONVERSION = YES;
				CLANG_WARN_INT_CONVERSION = YES;
				CLANG_WARN__DUPLICATE_METHOD_MATCH = YES;
				"CODE_SIGN_IDENTITY[sdk=iphoneos*]" = "iPhone Developer";
				COPY_PHASE_STRIP = YES;
				GCC_C_LANGUAGE_STANDARD = gnu99;
				GCC_WARN_ABOUT_RETURN_TYPE = YES;
				GCC_WARN_UNINITIALIZED_AUTOS = YES;
				GCC_WARN_UNUSED_VARIABLE = YES;
				IPHONEOS_DEPLOYMENT_TARGET = 6.1;
				OTHER_CFLAGS = "-DNS_BLOCK_ASSERTIONS=1";
				SDKROOT = iphoneos;
				VALIDATE_PRODUCT = YES;
			};
			name = Release;
		};
		0CCA7413175CD0F90059F128 /* Debug */ = {
			isa = XCBuildConfiguration;
			buildSettings = {
				CODE_SIGN_IDENTITY = "iPhone Developer";
				"CODE_SIGN_IDENTITY[sdk=iphoneos*]" = "iPhone Developer";
				FRAMEWORK_SEARCH_PATHS = (
					"$(inherited)",
					"\"$(SRCROOT)\"",
					"\"$(SRCROOT)/../../paas.product/iOS/release-v1.0\"",
				);
				GCC_PRECOMPILE_PREFIX_HEADER = YES;
				GCC_PREFIX_HEADER = "ActionSomething/ActionSomething-Prefix.pch";
				INFOPLIST_FILE = "ActionSomething/ActionSomething-Info.plist";
				OTHER_LDFLAGS = "";
				PRODUCT_NAME = "$(TARGET_NAME)";
				PROVISIONING_PROFILE = "";
				WRAPPER_EXTENSION = app;
			};
			name = Debug;
		};
		0CCA7414175CD0F90059F128 /* Release */ = {
			isa = XCBuildConfiguration;
			buildSettings = {
				CODE_SIGN_IDENTITY = "iPhone Developer";
				"CODE_SIGN_IDENTITY[sdk=iphoneos*]" = "iPhone Developer";
				"COPY_PHASE_STRIP[sdk=*]" = YES;
				FRAMEWORK_SEARCH_PATHS = (
					"$(inherited)",
					"\"$(SRCROOT)\"",
					"\"$(SRCROOT)/../../paas.product/iOS/release-v1.0\"",
				);
				GCC_PRECOMPILE_PREFIX_HEADER = YES;
				GCC_PREFIX_HEADER = "ActionSomething/ActionSomething-Prefix.pch";
				INFOPLIST_FILE = "ActionSomething/ActionSomething-Info.plist";
				OTHER_LDFLAGS = "";
				PRODUCT_NAME = "$(TARGET_NAME)";
				PROVISIONING_PROFILE = "";
				WRAPPER_EXTENSION = app;
			};
			name = Release;
		};
/* End XCBuildConfiguration section */

/* Begin XCConfigurationList section */
		0CCA73EA175CD0F90059F128 /* Build configuration list for PBXProject "ActionSomething" */ = {
			isa = XCConfigurationList;
			buildConfigurations = (
				0CCA7410175CD0F90059F128 /* Debug */,
				0CCA7411175CD0F90059F128 /* Release */,
			);
			defaultConfigurationIsVisible = 0;
			defaultConfigurationName = Release;
		};
		0CCA7412175CD0F90059F128 /* Build configuration list for PBXNativeTarget "ActionSomething" */ = {
			isa = XCConfigurationList;
			buildConfigurations = (
				0CCA7413175CD0F90059F128 /* Debug */,
				0CCA7414175CD0F90059F128 /* Release */,
			);
			defaultConfigurationIsVisible = 0;
			defaultConfigurationName = Release;
		};
/* End XCConfigurationList section */
	};
	rootObject = 0CCA73E7175CD0F90059F128 /* Project object */;
}
